
Microsoft Visual Studio Solution File, Format Version 12.00
# Visual Studio Version 16
VisualStudioVersion = 16.0.29926.136
MinimumVisualStudioVersion = 10.0.40219.1
Project("{FAE04EC0-301F-11D3-BF4B-00C04F79EFBC}") = "Tennis Track", "Tennis Track.csproj", "{83EFC9A3-88FA-4005-A5E9-B042D5A44E69}"
EndProject
Project("{FAE04EC0-301F-11D3-BF4B-00C04F79EFBC}") = "Provjera_vremena", "..\Provjera vremena\Provjera_vremena.csproj", "{6492A7DD-078B-4FF2-932E-CCD1D04ABC72}"
EndProject
Global
	GlobalSection(SolutionConfigurationPlatforms) = preSolution
		Debug|Any CPU = Debug|Any CPU
		Release|Any CPU = Release|Any CPU
	EndGlobalSection
	GlobalSection(ProjectConfigurationPlatforms) = postSolution
		{83EFC9A3-88FA-4005-A5E9-B042D5A44E69}.Debug|Any CPU.ActiveCfg = Debug|Any CPU
		{83EFC9A3-88FA-4005-A5E9-B042D5A44E69}.Debug|Any CPU.Build.0 = Debug|Any CPU
		{83EFC9A3-88FA-4005-A5E9-B042D5A44E69}.Release|Any CPU.ActiveCfg = Release|Any CPU
		{83EFC9A3-88FA-4005-A5E9-B042D5A44E69}.Release|Any CPU.Build.0 = Release|Any CPU
		{6492A7DD-078B-4FF2-932E-CCD1D04ABC72}.Debug|Any CPU.ActiveCfg = Debug|Any CPU
		{6492A7DD-078B-4FF2-932E-CCD1D04ABC72}.Debug|Any CPU.Build.0 = Debug|Any CPU
		{6492A7DD-078B-4FF2-932E-CCD1D04ABC72}.Release|Any CPU.ActiveCfg = Release|Any CPU
		{6492A7DD-078B-4FF2-932E-CCD1D04ABC72}.Release|Any CPU.Build.0 = Release|Any CPU
	EndGlobalSection
	GlobalSection(SolutionProperties) = preSolution
		HideSolutionNode = FALSE
	EndGlobalSection
	GlobalSection(ExtensibilityGlobals) = postSolution
		SolutionGuid = {2B361755-FB8D-4CCF-BCC9-77902DA3F516}
	EndGlobalSection
EndGlobal
